github.com/360EntSecGroup-Skylar/goreporter v0.0.0-20180902115603-df1b20f7c5d0 h1:jT8iomaaXq6mFmthzRjgIEwt26xN73ViQFtbLkYFYqQ=
github.com/360EntSecGroup-Skylar/goreporter v0.0.0-20180902115603-df1b20f7c5d0/go.mod h1:8e+EFRt2syN2FyQ3Q5JZEHLhFlEPm+ANyFLe8UyNwMw=
github.com/Masterminds/semver v1.4.2 h1:WBLTQ37jOCzSLtXNdoo8bNM8876KhNqOKvrlGITgsTc=
github.com/Masterminds/semver v1.4.2/go.mod h1:MB6lktGJrhw8PrUyiEoblNEGEQ+RzHPF078ddwwvV3Y=
github.com/adonovan/gopl.io v0.0.0-20161206225729-b725d6015f98 h1:QuzCSAyyUGROwGzCGQ5emq3lNCxQmEyaOCYUHx2oAMQ=
github.com/adonovan/gopl.io v0.0.0-20161206225729-b725d6015f98/go.mod h1:7erdLbKa05flot22ZrWKCOvVtl28946R0+3QMpMyeh8=
github.com/chzyer/readline v0.0.0-20180603132655-2972be24d48e h1:fY5BOSpyZCqRo5OhCuC+XN+r/bBCmeuuJtjz+bCNIf8=
github.com/chzyer/readline v0.0.0-20180603132655-2972be24d48e/go.mod h1:nSuG5e5PlCu98SY8svDHJxuZscDgtXS6KTTbou5AhLI=
github.com/coreos/go-systemd v0.0.0-20190321100706-95778dfbb74e/go.mod h1:F5haX7vjVVG0kc13fIWeqUViNPyEJxv/OmvnBo0Yme4=
github.com/facebookgo/inject v0.0.0-20180706035515-f23751cae28b h1:V6c4/dSTNhSaNn4c5ulbakfv277qCvs7byFYv7P83iQ=
github.com/facebookgo/inject v0.0.0-20180706035515-f23751cae28b/go.mod h1:oO8UHw+fDHjDsk4CTy/E96WDzFUYozAtBAaGNoVL0+c=
github.com/facebookgo/structtag v0.0.0-20150214074306-217e25fb9691 h1:KnnwHN59Jxec0htA2pe/i0/WI9vxXLQifdhBrP3lqcQ=
github.com/facebookgo/structtag v0.0.0-20150214074306-217e25fb9691/go.mod h1:sKLL1iua/0etWfo/nPCmyz+v2XDMXy+Ho53W7RAuZNY=
github.com/fatih/color v1.7.0 h1:DkWD4oS2D8LGGgTQ6IvwJJXSL5Vp2ffcQg58nFV38Ys=
github.com/fatih/color v1.7.0/go.mod h1:Zm6kSWBoL9eyXnKyktHP6abPY2pDugNf5KwzbycvMj4=
github.com/go-errors/errors v1.0.1 h1:LUHzmkK3GUKUrL/1gfBUxAHzcev3apQlezX/+O7ma6w=
github.com/go-errors/errors v1.0.1/go.mod h1:f4zRHt4oKfwPJE5k8C9vpYG+aDHdBFUsgrm6/TyX73Q=
github.com/golang/glog v0.0.0-20160126235308-23def4e6c14b h1:VKtxabqXZkF25pY9ekfRL6a582T4P37/31XEstQ5p58=
github.com/golang/glog v0.0.0-20160126235308-23def4e6c14b/go.mod h1:SBH7ygxi8pfUlaOkMMuAQtPIUF8ecWP5IEl/CR7VP2Q=
github.com/golang/protobuf v1.3.1 h1:YF8+flBXS5eO826T4nzqPrxfhQThhXl0YzfuUPu4SBg=
github.com/golang/protobuf v1.3.1/go.mod h1:6lQm79b+lXiMfvg/cZm0SGofjICqVBUtrP5yJMmIC1U=
github.com/google/pprof v0.0.0-20190502144155-8358a9778bd1 h1:B0/gL7tdcVyJkSpR6+iDBLrzZTU05Ec+aoPnM4La3O8=
github.com/google/pprof v0.0.0-20190502144155-8358a9778bd1/go.mod h1:zfwlbNMJ+OItoe0UupaVj+oy1omPYYDuagoSzA8v9mc=
github.com/ianlancetaylor/demangle v0.0.0-20181102032728-5e5cf60278f6 h1:UDMh68UUwekSh5iP2OMhRRZJiiBccgV7axzUG8vi56c=
github.com/ianlancetaylor/demangle v0.0.0-20181102032728-5e5cf60278f6/go.mod h1:aSSvb/t6k1mPoxDqO4vJh6VOCGPwU4O0C2/Eqndh1Sc=
github.com/json-iterator/go v1.1.6 h1:MrUvLMLTMxbqFJ9kzlvat/rYZqZnW3u4wkLzWTaFwKs=
github.com/json-iterator/go v1.1.6/go.mod h1:+SdeFBvtyEkXs7REEP0seUULqWtbJapLOCVDaaPEHmU=
github.com/kelseyhightower/envconfig v1.4.0 h1:Im6hONhd3pLkfDFsbRgu68RDNkGF1r3dvMUtDTo2cv8=
github.com/kelseyhightower/envconfig v1.4.0/go.mod h1:cccZRl6mQpaq41TPp5QxidR+Sa3axMbJDNb//FQX6Gg=
github.com/kisielk/gotool v1.0.0 h1:AV2c/EiW3KqPNT9ZKl07ehoAGi4C5/01Cfbblndcapg=
github.com/kisielk/gotool v1.0.0/go.mod h1:XhKaO+MFFWcvkIS/tQcRk01m1F5IRFswLeQ+oQHNcck=
github.com/mattn/go-colorable v0.1.2 h1:/bC9yWikZXAL9uJdulbSfyVNIR3n3trXl+v8+1sx8mU=
github.com/mattn/go-colorable v0.1.2/go.mod h1:U0ppj6V5qS13XJ6of8GYAs25YV2eR4EVcfRqFIhoBtE=
github.com/mattn/go-isatty v0.0.8 h1:HLtExJ+uU2HOZ+wI0Tt5DtUDrx8yhUqDcp7fYERX4CE=
github.com/mattn/go-isatty v0.0.8/go.mod h1:Iq45c/XA43vh69/j3iqttzPXn0bhXyGjM0Hdxcsrc5s=
github.com/modern-go/concurrent v0.0.0-20180306012644-bacd9c7ef1dd h1:TRLaZ9cD/w8PVh93nsPXa1VrQ6jlwL5oN8l14QlcNfg=
github.com/modern-go/concurrent v0.0.0-20180306012644-bacd9c7ef1dd/go.mod h1:6dJC0mAP4ikYIbvyc7fijjWJddQyLn8Ig3JB5CqoB9Q=
github.com/modern-go/reflect2 v1.0.1 h1:9f412s+6RmYXLWZSEzVVgPGK7C2PphHj5RJrvfx9AWI=
github.com/modern-go/reflect2 v1.0.1/go.mod h1:bx2lNnkwVCuqBIxFjflWJWanXIb3RllmbCylyMrvgv0=
github.com/oklog/ulid v1.3.1 h1:EGfNDEx6MqHz8B3uNV6QAib1UR2Lm97sHi3ocA6ESJ4=
github.com/oklog/ulid v1.3.1/go.mod h1:CirwcVhetQ6Lv90oh/F+FBtV6XMibvdAFo93nm5qn4U=
github.com/pkg/errors v0.8.1 h1:iURUrRGxPUNPdy5/HRSm+Yj6okJ6UtLINN0Q9M4+h3I=
github.com/pkg/errors v0.8.1/go.mod h1:bwawxfHBFNV+L2hUp1rHADufV3IMtnDRdf1r5NINEl0=
github.com/reconquest/barely v0.0.0-20160729074550-0f12e3bb2e13 h1:fbi5I8r+zY59gTNeQKa7VRhahRZJzlOoJPose/YF1iE=
github.com/reconquest/barely v0.0.0-20160729074550-0f12e3bb2e13/go.mod h1:0OI7w9PA9NdCKxn322hAYmve50yt7/WfoJG26CZcZxA=
github.com/reconquest/loreley v0.0.0-20190408221007-9e95b93c818f h1:N8s7WFwKdWQhzTd6VD4vrX+azBEmIDKEVVHDaEMQv9c=
github.com/reconquest/loreley v0.0.0-20190408221007-9e95b93c818f/go.mod h1:1NF/j951kWm+ZnRXpOkBqweImgwhlzFVwTA4A0V7TEU=
github.com/rs/xid v1.2.1/go.mod h1:+uKXf+4Djp6Md1KODXJxgGQPKngRmWyn10oCKFzNHOQ=
github.com/rs/zerolog v1.14.3 h1:4EGfSkR2hJDB0s3oFfrlPqjU1e4WLncergLil3nEKW0=
github.com/rs/zerolog v1.14.3/go.mod h1:3WXPzbXEEliJ+a6UFE4vhIxV8qR1EML6ngzP9ug4eYg=
github.com/zenazn/goji v0.9.0/go.mod h1:7S9M489iMyHBNxwZnk9/EHS098H4/F6TATF2mIxtB1Q=
go.uber.org/atomic v1.4.0 h1:cxzIVoETapQEqDhQu3QfnvXAV4AlzcvUCxkVUFw3+EU=
go.uber.org/atomic v1.4.0/go.mod h1:gD2HeocX3+yG+ygLZcrzQJaqmWj9AIm7n08wl/qW/PE=
go.uber.org/dig v1.7.0 h1:E5/L92iQTNJTjfgJF2KgU+/JpMaiuvK2DHLBj0+kSZk=
go.uber.org/dig v1.7.0/go.mod h1:z+dSd2TP9Usi48jL8M3v63iSBVkiwtVyMKxMZYYauPg=
go.uber.org/fx v1.9.0 h1:7OAz8ucp35AU8eydejpYG7QrbE8rLKzGhHbZlJi5LYY=
go.uber.org/fx v1.9.0/go.mod h1:mFdUyAUuJ3w4jAckiKSKbldsxy1ojpAMJ+dVZg5Y0Aw=
go.uber.org/multierr v1.1.0 h1:HoEmRHQPVSqub6w2z2d2EOVs2fjyFRGyofhKuyDq0QI=
go.uber.org/multierr v1.1.0/go.mod h1:wR5kodmAFQ0UK8QlbwjlSNy0Z68gJhDJUG5sjR94q/0=
go.uber.org/zap v1.10.0 h1:ORx85nbTijNz8ljznvCMR1ZBIPKFn3jQrag10X2AsuM=
go.uber.org/zap v1.10.0/go.mod h1:vwi/ZaCAaUcBkycHslxD9B2zi4UTXhF60s6SWpuDF0Q=
golang.org/x/crypto v0.0.0-20190308221718-c2843e01d9a2 h1:VklqNMn3ovrHsnt90PveolxSbWFaJdECFbxSq0Mqo2M=
golang.org/x/crypto v0.0.0-20190308221718-c2843e01d9a2/go.mod h1:djNgcEr1/C05ACkg1iLfiJU5Ep61QUkGW8qpdssI0+w=
golang.org/x/net v0.0.0-20190311183353-d8887717615a/go.mod h1:t9HGtf8HONx5eT2rtn7q6eTqICYqUVnKs3thJo3Qplg=
golang.org/x/sync v0.0.0-20190423024810-112230192c58/go.mod h1:RxMgew5VJxzue5/jJTE5uejpjVlOe/izrB70Jof72aM=
golang.org/x/sys v0.0.0-20190215142949-d0b11bdaac8a h1:1BGLXjeY4akVXGgbC9HugT3Jv3hCI0z56oJR5vAMgBU=
golang.org/x/sys v0.0.0-20190215142949-d0b11bdaac8a/go.mod h1:STP8DvDyc/dI5b8T5hshtkjS+E42TnysNCUPdjciGhY=
golang.org/x/sys v0.0.0-20190222072716-a9d3bda3a223 h1:DH4skfRX4EBpamg7iV4ZlCpblAHI6s6TDM39bFZumv8=
golang.org/x/sys v0.0.0-20190222072716-a9d3bda3a223/go.mod h1:STP8DvDyc/dI5b8T5hshtkjS+E42TnysNCUPdjciGhY=
golang.org/x/text v0.3.0/go.mod h1:NqM8EUOU14njkJ3fqMW+pc6Ldnwhi/IjpwHt7yyuwOQ=
golang.org/x/tools v0.0.0-20190425163242-31fd60d6bfdc/go.mod h1:RgjU9mgBXZiqYHBnxXauZ1Gv1EHHAz9KjViQ78xBX0Q=
golang.org/x/tools v0.0.0-20190503185657-3b6f9c0030f7 h1:Qv3/hmFmHtMyFGCk5c6dQQ85pWeh60ObKYVO+RPXnXI=
golang.org/x/tools v0.0.0-20190503185657-3b6f9c0030f7/go.mod h1:RgjU9mgBXZiqYHBnxXauZ1Gv1EHHAz9KjViQ78xBX0Q=
golang.org/x/tools v0.0.0-20190523174634-38d8bcfa38af h1:oyVVVh7XpPzivTdGZA5YjFkH/3X7e2SS0BkSDX+LeHQ=
golang.org/x/tools v0.0.0-20190523174634-38d8bcfa38af/go.mod h1:RgjU9mgBXZiqYHBnxXauZ1Gv1EHHAz9KjViQ78xBX0Q=
mvdan.cc/lint v0.0.0-20170908181259-adc824a0674b h1:DxJ5nJdkhDlLok9K6qO+5290kphDJbHOQO1DFFFTeBo=
mvdan.cc/lint v0.0.0-20170908181259-adc824a0674b/go.mod h1:2odslEg/xrtNQqCYg2/jCoyKnw3vv5biOc3JnIcYfL4=
